
Microsoft Visual Studio Solution File, Format Version 12.00
Project("{FAE04EC0-301F-11D3-BF4B-00C04F79EFBC}") = "Handy.io", "Handy.io.csproj", "{11396F67-4DA3-41BA-8EDA-0398AFDB5409}"
EndProject
Global
	GlobalSection(SolutionConfigurationPlatforms) = preSolution
		Debug|Any CPU = Debug|Any CPU
		Release|Any CPU = Release|Any CPU
	EndGlobalSection
	GlobalSection(ProjectConfigurationPlatforms) = postSolution
		{11396F67-4DA3-41BA-8EDA-0398AFDB5409}.Debug|Any CPU.ActiveCfg = Debug|Any CPU
		{11396F67-4DA3-41BA-8EDA-0398AFDB5409}.Debug|Any CPU.Build.0 = Debug|Any CPU
		{11396F67-4DA3-41BA-8EDA-0398AFDB5409}.Release|Any CPU.ActiveCfg = Release|Any CPU
		{11396F67-4DA3-41BA-8EDA-0398AFDB5409}.Release|Any CPU.Build.0 = Release|Any CPU
	EndGlobalSection
EndGlobal
